Microsoft Visual Studio Solution File, Format Version 12.00
# Visual Studio Version 17
VisualStudioVersion = 17.5.2.0
MinimumVisualStudioVersion = 10.0.40219.1
Project("{FAE04EC0-301F-11D3-BF4B-00C04F79EFBC}") = "MyMicroservice", "MyMicroservice.csproj", "{F19D19BB-878F-B005-6A18-00895D05B5C9}"
EndProject
Global
	GlobalSection(SolutionConfigurationPlatforms) = preSolution
		Debug|Any CPU = Debug|Any CPU
		Release|Any CPU = Release|Any CPU
	EndGlobalSection
	GlobalSection(ProjectConfigurationPlatforms) = postSolution
		{F19D19BB-878F-B005-6A18-00895D05B5C9}.Debug|Any CPU.ActiveCfg = Debug|Any CPU
		{F19D19BB-878F-B005-6A18-00895D05B5C9}.Debug|Any CPU.Build.0 = Debug|Any CPU
		{F19D19BB-878F-B005-6A18-00895D05B5C9}.Release|Any CPU.ActiveCfg = Release|Any CPU
		{F19D19BB-878F-B005-6A18-00895D05B5C9}.Release|Any CPU.Build.0 = Release|Any CPU
	EndGlobalSection
	GlobalSection(SolutionProperties) = preSolution
		HideSolutionNode = FALSE
	EndGlobalSection
	GlobalSection(ExtensibilityGlobals) = postSolution
		SolutionGuid = {2F4433A8-D514-4CF3-87E8-9DC172D75F1A}
	EndGlobalSection
EndGlobal
